
Microsoft Visual Studio Solution File, Format Version 12.00
# Visual Studio Version 17
VisualStudioVersion = 17.2.32616.157
MinimumVisualStudioVersion = 10.0.40219.1
Project("{FAE04EC0-301F-11D3-BF4B-00C04F79EFBC}") = "Calculator", "Calculator.csproj", "{1D39386C-3C42-4FB9-9CEA-421D3DA76966}"
EndProject
Global
	GlobalSection(SolutionConfigurationPlatforms) = preSolution
		Debug|Any CPU = Debug|Any CPU
		Release|Any CPU = Release|Any CPU
	EndGlobalSection
	GlobalSection(ProjectConfigurationPlatforms) = postSolution
		{1D39386C-3C42-4FB9-9CEA-421D3DA76966}.Debug|Any CPU.ActiveCfg = Debug|Any CPU
		{1D39386C-3C42-4FB9-9CEA-421D3DA76966}.Debug|Any CPU.Build.0 = Debug|Any CPU
		{1D39386C-3C42-4FB9-9CEA-421D3DA76966}.Release|Any CPU.ActiveCfg = Release|Any CPU
		{1D39386C-3C42-4FB9-9CEA-421D3DA76966}.Release|Any CPU.Build.0 = Release|Any CPU
	EndGlobalSection
	GlobalSection(SolutionProperties) = preSolution
		HideSolutionNode = FALSE
	EndGlobalSection
	GlobalSection(ExtensibilityGlobals) = postSolution
		SolutionGuid = {335AD5C1-D9D7-42A4-8904-5E0CFDCA9F55}
	EndGlobalSection
EndGlobal
